PODS:
  - Alamofire (5.3.0)
  - JGProgressHUD (2.2)
  - Kingfisher (6.1.0)
  - PokespeareSDK (0.0.1):
    - Alamofire
    - Kingfisher
    - RxCocoa
    - RxSwift
  - RxCocoa (5.1.1):
    - RxRelay (~> 5)
    - RxSwift (~> 5)
  - RxRelay (5.1.1):
    - RxSwift (~> 5)
  - RxSwift (5.1.1)
  - SnapshotTesting (1.8.2)

DEPENDENCIES:
  - Alamofire (~> 5.3.0)
  - JGProgressHUD (~> 2.2)
  - Kingfisher (~> 6.0)
  - PokespeareSDK (from `.`)
  - RxCocoa (~> 5.1.1)
  - RxSwift (~> 5)
  - SnapshotTesting (~> 1.8.1)

SPEC REPOS:
  trunk:
    - Alamofire
    - JGProgressHUD
    - Kingfisher
    - RxCocoa
    - RxRelay
    - RxSwift
    - SnapshotTesting

EXTERNAL SOURCES:
  PokespeareSDK:
    :path: "."

SPEC CHECKSUMS:
  Alamofire: 2c792affbdc2f18016e08fdbcacd60aebe1ba593
  JGProgressHUD: d83d7a981b85d11205e19ff8ad5bb9c40571c847
  Kingfisher: f5d8d60a0ef3edd642fd781bae60918599901aff
  PokespeareSDK: 61a4636f1ac7df1b11d688212d876beb850ff6d3
  RxCocoa: 32065309a38d29b5b0db858819b5bf9ef038b601
  RxRelay: d77f7d771495f43c556cbc43eebd1bb54d01e8e9
  RxSwift: 81470a2074fa8780320ea5fe4102807cb7118178
  SnapshotTesting: 38947050d13960d57a4a9c166fcf51bca7d56970

PODFILE CHECKSUM: aa9abc1fd87877a99f0755563b5da8880db6f0ab

COCOAPODS: 1.10.1
